
Microsoft Visual Studio Solution File, Format Version 12.00
# Visual Studio Version 17
VisualStudioVersion = 17.14.36414.22 d17.14
MinimumVisualStudioVersion = 10.0.40219.1
Project("{FAE04EC0-301F-11D3-BF4B-00C04F79EFBC}") = "Het2", "Het2\Het2.csproj", "{17EA0F8E-339F-42FD-80A2-9E999BC6F403}"
EndProject
Global
	GlobalSection(SolutionConfigurationPlatforms) = preSolution
		Debug|Any CPU = Debug|Any CPU
		Release|Any CPU = Release|Any CPU
	EndGlobalSection
	GlobalSection(ProjectConfigurationPlatforms) = postSolution
		{17EA0F8E-339F-42FD-80A2-9E999BC6F403}.Debug|Any CPU.ActiveCfg = Debug|Any CPU
		{17EA0F8E-339F-42FD-80A2-9E999BC6F403}.Debug|Any CPU.Build.0 = Debug|Any CPU
		{17EA0F8E-339F-42FD-80A2-9E999BC6F403}.Release|Any CPU.ActiveCfg = Release|Any CPU
		{17EA0F8E-339F-42FD-80A2-9E999BC6F403}.Release|Any CPU.Build.0 = Release|Any CPU
	EndGlobalSection
	GlobalSection(SolutionProperties) = preSolution
		HideSolutionNode = FALSE
	EndGlobalSection
	GlobalSection(ExtensibilityGlobals) = postSolution
		SolutionGuid = {420808BD-C15F-4B36-8569-423F79182ABD}
	EndGlobalSection
EndGlobal
