
Microsoft Visual Studio Solution File, Format Version 12.00
# Visual Studio Version 17
VisualStudioVersion = 17.14.36414.22 d17.14
MinimumVisualStudioVersion = 10.0.40219.1
Project("{FAE04EC0-301F-11D3-BF4B-00C04F79EFBC}") = "Ora5", "Ora5\Ora5.csproj", "{F7D97E77-2230-4B19-8C42-C5E2523F7B12}"
EndProject
Global
	GlobalSection(SolutionConfigurationPlatforms) = preSolution
		Debug|Any CPU = Debug|Any CPU
		Release|Any CPU = Release|Any CPU
	EndGlobalSection
	GlobalSection(ProjectConfigurationPlatforms) = postSolution
		{F7D97E77-2230-4B19-8C42-C5E2523F7B12}.Debug|Any CPU.ActiveCfg = Debug|Any CPU
		{F7D97E77-2230-4B19-8C42-C5E2523F7B12}.Debug|Any CPU.Build.0 = Debug|Any CPU
		{F7D97E77-2230-4B19-8C42-C5E2523F7B12}.Release|Any CPU.ActiveCfg = Release|Any CPU
		{F7D97E77-2230-4B19-8C42-C5E2523F7B12}.Release|Any CPU.Build.0 = Release|Any CPU
	EndGlobalSection
	GlobalSection(SolutionProperties) = preSolution
		HideSolutionNode = FALSE
	EndGlobalSection
	GlobalSection(ExtensibilityGlobals) = postSolution
		SolutionGuid = {F0423F46-0B0D-4113-A515-1ACACFB54FBF}
	EndGlobalSection
EndGlobal
