
Microsoft Visual Studio Solution File, Format Version 12.00
# Visual Studio Version 17
VisualStudioVersion = 17.14.36511.14 d17.14
MinimumVisualStudioVersion = 10.0.40219.1
Project("{FAE04EC0-301F-11D3-BF4B-00C04F79EFBC}") = "Ora5", "Ora5\Ora5.csproj", "{230393E9-C7B1-4598-AA27-6CA5BDAC47C7}"
EndProject
Global
	GlobalSection(SolutionConfigurationPlatforms) = preSolution
		Debug|Any CPU = Debug|Any CPU
		Release|Any CPU = Release|Any CPU
	EndGlobalSection
	GlobalSection(ProjectConfigurationPlatforms) = postSolution
		{230393E9-C7B1-4598-AA27-6CA5BDAC47C7}.Debug|Any CPU.ActiveCfg = Debug|Any CPU
		{230393E9-C7B1-4598-AA27-6CA5BDAC47C7}.Debug|Any CPU.Build.0 = Debug|Any CPU
		{230393E9-C7B1-4598-AA27-6CA5BDAC47C7}.Release|Any CPU.ActiveCfg = Release|Any CPU
		{230393E9-C7B1-4598-AA27-6CA5BDAC47C7}.Release|Any CPU.Build.0 = Release|Any CPU
	EndGlobalSection
	GlobalSection(SolutionProperties) = preSolution
		HideSolutionNode = FALSE
	EndGlobalSection
	GlobalSection(ExtensibilityGlobals) = postSolution
		SolutionGuid = {96FE6BEB-F25B-43F4-9A6D-DC8C1ECE5203}
	EndGlobalSection
EndGlobal
