
Microsoft Visual Studio Solution File, Format Version 12.00
# Visual Studio Version 17
VisualStudioVersion = 17.14.36511.14 d17.14
MinimumVisualStudioVersion = 10.0.40219.1
Project("{FAE04EC0-301F-11D3-BF4B-00C04F79EFBC}") = "Ora3", "Ora3\Ora3.csproj", "{9C74179F-24C7-42F8-A547-262197ACEA36}"
EndProject
Global
	GlobalSection(SolutionConfigurationPlatforms) = preSolution
		Debug|Any CPU = Debug|Any CPU
		Release|Any CPU = Release|Any CPU
	EndGlobalSection
	GlobalSection(ProjectConfigurationPlatforms) = postSolution
		{9C74179F-24C7-42F8-A547-262197ACEA36}.Debug|Any CPU.ActiveCfg = Debug|Any CPU
		{9C74179F-24C7-42F8-A547-262197ACEA36}.Debug|Any CPU.Build.0 = Debug|Any CPU
		{9C74179F-24C7-42F8-A547-262197ACEA36}.Release|Any CPU.ActiveCfg = Release|Any CPU
		{9C74179F-24C7-42F8-A547-262197ACEA36}.Release|Any CPU.Build.0 = Release|Any CPU
	EndGlobalSection
	GlobalSection(SolutionProperties) = preSolution
		HideSolutionNode = FALSE
	EndGlobalSection
	GlobalSection(ExtensibilityGlobals) = postSolution
		SolutionGuid = {2200EE57-D561-4784-B3C8-14D7F4829732}
	EndGlobalSection
EndGlobal
