
Microsoft Visual Studio Solution File, Format Version 12.00
# Visual Studio Version 17
VisualStudioVersion = 17.14.36603.0 d17.14
MinimumVisualStudioVersion = 10.0.40219.1
Project("{FAE04EC0-301F-11D3-BF4B-00C04F79EFBC}") = "Doom", "Doom\Doom.csproj", "{CD01A3E0-C27E-4D00-9782-B5AE0733904E}"
EndProject
Global
	GlobalSection(SolutionConfigurationPlatforms) = preSolution
		Debug|Any CPU = Debug|Any CPU
		Release|Any CPU = Release|Any CPU
	EndGlobalSection
	GlobalSection(ProjectConfigurationPlatforms) = postSolution
		{CD01A3E0-C27E-4D00-9782-B5AE0733904E}.Debug|Any CPU.ActiveCfg = Debug|Any CPU
		{CD01A3E0-C27E-4D00-9782-B5AE0733904E}.Debug|Any CPU.Build.0 = Debug|Any CPU
		{CD01A3E0-C27E-4D00-9782-B5AE0733904E}.Release|Any CPU.ActiveCfg = Release|Any CPU
		{CD01A3E0-C27E-4D00-9782-B5AE0733904E}.Release|Any CPU.Build.0 = Release|Any CPU
	EndGlobalSection
	GlobalSection(SolutionProperties) = preSolution
		HideSolutionNode = FALSE
	EndGlobalSection
	GlobalSection(ExtensibilityGlobals) = postSolution
		SolutionGuid = {FDC39ADA-EE03-463B-88DF-002F5A1A7B40}
	EndGlobalSection
EndGlobal
