
Microsoft Visual Studio Solution File, Format Version 12.00
# Visual Studio Version 17
VisualStudioVersion = 17.14.36414.22 d17.14
MinimumVisualStudioVersion = 10.0.40219.1
Project("{FAE04EC0-301F-11D3-BF4B-00C04F79EFBC}") = "Ora2", "Ora2\Ora2.csproj", "{86E607DE-DD73-402C-9193-4CCDA88E45A5}"
EndProject
Global
	GlobalSection(SolutionConfigurationPlatforms) = preSolution
		Debug|Any CPU = Debug|Any CPU
		Release|Any CPU = Release|Any CPU
	EndGlobalSection
	GlobalSection(ProjectConfigurationPlatforms) = postSolution
		{86E607DE-DD73-402C-9193-4CCDA88E45A5}.Debug|Any CPU.ActiveCfg = Debug|Any CPU
		{86E607DE-DD73-402C-9193-4CCDA88E45A5}.Debug|Any CPU.Build.0 = Debug|Any CPU
		{86E607DE-DD73-402C-9193-4CCDA88E45A5}.Release|Any CPU.ActiveCfg = Release|Any CPU
		{86E607DE-DD73-402C-9193-4CCDA88E45A5}.Release|Any CPU.Build.0 = Release|Any CPU
	EndGlobalSection
	GlobalSection(SolutionProperties) = preSolution
		HideSolutionNode = FALSE
	EndGlobalSection
	GlobalSection(ExtensibilityGlobals) = postSolution
		SolutionGuid = {90B7C0B2-5FD9-4897-94D2-E0F6929B469B}
	EndGlobalSection
EndGlobal
